
Microsoft Visual Studio Solution File, Format Version 12.00
# Visual Studio Version 17
VisualStudioVersion = 17.6.33717.318
MinimumVisualStudioVersion = 10.0.40219.1
Project("{54A90642-561A-4BB1-A94E-469ADEE60C69}") = "RevitecWeb", "RevitecWeb\RevitecWeb.esproj", "{F922E937-9D57-4EA1-8518-40ACC104735F}"
EndProject
Global
	GlobalSection(SolutionConfigurationPlatforms) = preSolution
		Debug|Any CPU = Debug|Any CPU
		Release|Any CPU = Release|Any CPU
	EndGlobalSection
	GlobalSection(ProjectConfigurationPlatforms) = postSolution
		{F922E937-9D57-4EA1-8518-40ACC104735F}.Debug|Any CPU.ActiveCfg = Debug|Any CPU
		{F922E937-9D57-4EA1-8518-40ACC104735F}.Debug|Any CPU.Build.0 = Debug|Any CPU
		{F922E937-9D57-4EA1-8518-40ACC104735F}.Debug|Any CPU.Deploy.0 = Debug|Any CPU
		{F922E937-9D57-4EA1-8518-40ACC104735F}.Release|Any CPU.ActiveCfg = Release|Any CPU
		{F922E937-9D57-4EA1-8518-40ACC104735F}.Release|Any CPU.Build.0 = Release|Any CPU
		{F922E937-9D57-4EA1-8518-40ACC104735F}.Release|Any CPU.Deploy.0 = Release|Any CPU
	EndGlobalSection
	GlobalSection(SolutionProperties) = preSolution
		HideSolutionNode = FALSE
	EndGlobalSection
	GlobalSection(ExtensibilityGlobals) = postSolution
		SolutionGuid = {7D9526C1-D427-4FE7-8D7B-B0BBC4B7537C}
	EndGlobalSection
EndGlobal
